
Microsoft Visual Studio Solution File, Format Version 12.00
# Visual Studio Version 17
VisualStudioVersion = 17.8.34322.80
MinimumVisualStudioVersion = 10.0.40219.1
Project("{FAE04EC0-301F-11D3-BF4B-00C04F79EFBC}") = "NotesManager", "NotesManager\NotesManager.csproj", "{C16C17D7-52D1-4759-BC9D-E9452E080EEB}"
EndProject
Global
	GlobalSection(SolutionConfigurationPlatforms) = preSolution
		Debug|Any CPU = Debug|Any CPU
		Release|Any CPU = Release|Any CPU
	EndGlobalSection
	GlobalSection(ProjectConfigurationPlatforms) = postSolution
		{C16C17D7-52D1-4759-BC9D-E9452E080EEB}.Debug|Any CPU.ActiveCfg = Debug|Any CPU
		{C16C17D7-52D1-4759-BC9D-E9452E080EEB}.Debug|Any CPU.Build.0 = Debug|Any CPU
		{C16C17D7-52D1-4759-BC9D-E9452E080EEB}.Release|Any CPU.ActiveCfg = Release|Any CPU
		{C16C17D7-52D1-4759-BC9D-E9452E080EEB}.Release|Any CPU.Build.0 = Release|Any CPU
	EndGlobalSection
	GlobalSection(SolutionProperties) = preSolution
		HideSolutionNode = FALSE
	EndGlobalSection
	GlobalSection(ExtensibilityGlobals) = postSolution
		SolutionGuid = {2052400C-1905-4D29-BB4E-EB15F9AF4BB1}
	EndGlobalSection
EndGlobal
